
Microsoft Visual Studio Solution File, Format Version 12.00
# Visual Studio Version 16
VisualStudioVersion = 16.0.29326.143
MinimumVisualStudioVersion = 10.0.40219.1
Project("{FAE04EC0-301F-11D3-BF4B-00C04F79EFBC}") = "Sinusoid", "Sinusoid\Sinusoid.csproj", "{5C9B541C-B677-49B0-88FB-C5D85B881DA1}"
EndProject
Global
	GlobalSection(SolutionConfigurationPlatforms) = preSolution
		Debug|Any CPU = Debug|Any CPU
		Release|Any CPU = Release|Any CPU
	EndGlobalSection
	GlobalSection(ProjectConfigurationPlatforms) = postSolution
		{5C9B541C-B677-49B0-88FB-C5D85B881DA1}.Debug|Any CPU.ActiveCfg = Debug|Any CPU
		{5C9B541C-B677-49B0-88FB-C5D85B881DA1}.Debug|Any CPU.Build.0 = Debug|Any CPU
		{5C9B541C-B677-49B0-88FB-C5D85B881DA1}.Release|Any CPU.ActiveCfg = Release|Any CPU
		{5C9B541C-B677-49B0-88FB-C5D85B881DA1}.Release|Any CPU.Build.0 = Release|Any CPU
	EndGlobalSection
	GlobalSection(SolutionProperties) = preSolution
		HideSolutionNode = FALSE
	EndGlobalSection
	GlobalSection(ExtensibilityGlobals) = postSolution
		SolutionGuid = {9F369DBA-7926-40B0-948E-7BB8797D70DE}
	EndGlobalSection
EndGlobal
