
Microsoft Visual Studio Solution File, Format Version 12.00
# Visual Studio 15
VisualStudioVersion = 15.0.28307.421
MinimumVisualStudioVersion = 10.0.40219.1
Project("{FAE04EC0-301F-11D3-BF4B-00C04F79EFBC}") = "AirBattle", "AirBattle\AirBattle.csproj", "{85B884F5-5F2F-4049-9D8A-A41E2D77D331}"
EndProject
Project("{FAE04EC0-301F-11D3-BF4B-00C04F79EFBC}") = "AirBattleCore", "AirBattleCore\AirBattleCore.csproj", "{25B255C9-4F0A-46A9-AB83-2180BC265A48}"
EndProject
Project("{FAE04EC0-301F-11D3-BF4B-00C04F79EFBC}") = "AirBattleWeb", "AirBattleWeb\AirBattleWeb.csproj", "{8E7E1D8D-8578-42A6-A0D9-DD63793E7622}"
EndProject
Global
	GlobalSection(SolutionConfigurationPlatforms) = preSolution
		Debug|Any CPU = Debug|Any CPU
		Release|Any CPU = Release|Any CPU
	EndGlobalSection
	GlobalSection(ProjectConfigurationPlatforms) = postSolution
		{85B884F5-5F2F-4049-9D8A-A41E2D77D331}.Debug|Any CPU.ActiveCfg = Debug|Any CPU
		{85B884F5-5F2F-4049-9D8A-A41E2D77D331}.Debug|Any CPU.Build.0 = Debug|Any CPU
		{85B884F5-5F2F-4049-9D8A-A41E2D77D331}.Release|Any CPU.ActiveCfg = Release|Any CPU
		{85B884F5-5F2F-4049-9D8A-A41E2D77D331}.Release|Any CPU.Build.0 = Release|Any CPU
		{25B255C9-4F0A-46A9-AB83-2180BC265A48}.Debug|Any CPU.ActiveCfg = Debug|Any CPU
		{25B255C9-4F0A-46A9-AB83-2180BC265A48}.Debug|Any CPU.Build.0 = Debug|Any CPU
		{25B255C9-4F0A-46A9-AB83-2180BC265A48}.Release|Any CPU.ActiveCfg = Release|Any CPU
		{25B255C9-4F0A-46A9-AB83-2180BC265A48}.Release|Any CPU.Build.0 = Release|Any CPU
		{8E7E1D8D-8578-42A6-A0D9-DD63793E7622}.Debug|Any CPU.ActiveCfg = Debug|Any CPU
		{8E7E1D8D-8578-42A6-A0D9-DD63793E7622}.Debug|Any CPU.Build.0 = Debug|Any CPU
		{8E7E1D8D-8578-42A6-A0D9-DD63793E7622}.Release|Any CPU.ActiveCfg = Release|Any CPU
		{8E7E1D8D-8578-42A6-A0D9-DD63793E7622}.Release|Any CPU.Build.0 = Release|Any CPU
	EndGlobalSection
	GlobalSection(SolutionProperties) = preSolution
		HideSolutionNode = FALSE
	EndGlobalSection
	GlobalSection(ExtensibilityGlobals) = postSolution
		SolutionGuid = {A7A0A595-1482-4AC4-81E0-67E66BBA51F8}
	EndGlobalSection
EndGlobal
