
Microsoft Visual Studio Solution File, Format Version 12.00
# Visual Studio 15
VisualStudioVersion = 15.0.28010.2003
MinimumVisualStudioVersion = 10.0.40219.1
Project("{FAE04EC0-301F-11D3-BF4B-00C04F79EFBC}") = "Calculator", "Calculator\Calculator.csproj", "{FA8746B4-352E-4863-BAD4-B523F9FFA52F}"
EndProject
Project("{FAE04EC0-301F-11D3-BF4B-00C04F79EFBC}") = "Piano", "Piano\Piano.csproj", "{3316921F-8DE9-4B75-BEA4-E13AA8EBAD29}"
EndProject
Project("{2150E333-8FDC-42A3-9474-1A3956D46DE8}") = "Solution Items", "Solution Items", "{90C2451A-C077-41FC-A62E-41A65B04BE48}"
	ProjectSection(SolutionItems) = preProject
		ReadMe.txt = ReadMe.txt
	EndProjectSection
EndProject
Project("{FAE04EC0-301F-11D3-BF4B-00C04F79EFBC}") = "ReaderService", "SnmpReaderService\ReaderService.csproj", "{40325A4A-CE8C-4C06-85D3-B9FD017A5C91}"
EndProject
Project("{FAE04EC0-301F-11D3-BF4B-00C04F79EFBC}") = "ConsoleThreads", "ConsoleThreads\ConsoleThreads.csproj", "{A36AF3AE-43AF-4F9C-ACB4-E62193EAA8F2}"
EndProject
Project("{FAE04EC0-301F-11D3-BF4B-00C04F79EFBC}") = "AcronymForm", "AcronymForm\AcronymForm.csproj", "{473C58C9-7A58-4237-9D9A-0C237C5350CE}"
EndProject
Global
	GlobalSection(SolutionConfigurationPlatforms) = preSolution
		Debug|Any CPU = Debug|Any CPU
		Release|Any CPU = Release|Any CPU
	EndGlobalSection
	GlobalSection(ProjectConfigurationPlatforms) = postSolution
		{FA8746B4-352E-4863-BAD4-B523F9FFA52F}.Debug|Any CPU.ActiveCfg = Debug|Any CPU
		{FA8746B4-352E-4863-BAD4-B523F9FFA52F}.Debug|Any CPU.Build.0 = Debug|Any CPU
		{FA8746B4-352E-4863-BAD4-B523F9FFA52F}.Release|Any CPU.ActiveCfg = Release|Any CPU
		{FA8746B4-352E-4863-BAD4-B523F9FFA52F}.Release|Any CPU.Build.0 = Release|Any CPU
		{3316921F-8DE9-4B75-BEA4-E13AA8EBAD29}.Debug|Any CPU.ActiveCfg = Debug|Any CPU
		{3316921F-8DE9-4B75-BEA4-E13AA8EBAD29}.Debug|Any CPU.Build.0 = Debug|Any CPU
		{3316921F-8DE9-4B75-BEA4-E13AA8EBAD29}.Release|Any CPU.ActiveCfg = Release|Any CPU
		{3316921F-8DE9-4B75-BEA4-E13AA8EBAD29}.Release|Any CPU.Build.0 = Release|Any CPU
		{40325A4A-CE8C-4C06-85D3-B9FD017A5C91}.Debug|Any CPU.ActiveCfg = Debug|Any CPU
		{40325A4A-CE8C-4C06-85D3-B9FD017A5C91}.Debug|Any CPU.Build.0 = Debug|Any CPU
		{40325A4A-CE8C-4C06-85D3-B9FD017A5C91}.Release|Any CPU.ActiveCfg = Release|Any CPU
		{40325A4A-CE8C-4C06-85D3-B9FD017A5C91}.Release|Any CPU.Build.0 = Release|Any CPU
		{A36AF3AE-43AF-4F9C-ACB4-E62193EAA8F2}.Debug|Any CPU.ActiveCfg = Debug|Any CPU
		{A36AF3AE-43AF-4F9C-ACB4-E62193EAA8F2}.Debug|Any CPU.Build.0 = Debug|Any CPU
		{A36AF3AE-43AF-4F9C-ACB4-E62193EAA8F2}.Release|Any CPU.ActiveCfg = Release|Any CPU
		{A36AF3AE-43AF-4F9C-ACB4-E62193EAA8F2}.Release|Any CPU.Build.0 = Release|Any CPU
		{473C58C9-7A58-4237-9D9A-0C237C5350CE}.Debug|Any CPU.ActiveCfg = Debug|Any CPU
		{473C58C9-7A58-4237-9D9A-0C237C5350CE}.Debug|Any CPU.Build.0 = Debug|Any CPU
		{473C58C9-7A58-4237-9D9A-0C237C5350CE}.Release|Any CPU.ActiveCfg = Release|Any CPU
		{473C58C9-7A58-4237-9D9A-0C237C5350CE}.Release|Any CPU.Build.0 = Release|Any CPU
	EndGlobalSection
	GlobalSection(SolutionProperties) = preSolution
		HideSolutionNode = FALSE
	EndGlobalSection
	GlobalSection(ExtensibilityGlobals) = postSolution
		SolutionGuid = {0CCECAE5-1925-4540-A97A-8D11284BC19F}
	EndGlobalSection
EndGlobal
