
Microsoft Visual Studio Solution File, Format Version 12.00
# Visual Studio Version 16
VisualStudioVersion = 16.0.29519.87
MinimumVisualStudioVersion = 10.0.40219.1
Project("{FAE04EC0-301F-11D3-BF4B-00C04F79EFBC}") = "MarsChallenge", "MarsChallenge\MarsChallenge.csproj", "{B3651CBE-E775-4E25-A132-AC4580CF8635}"
EndProject
Project("{FAE04EC0-301F-11D3-BF4B-00C04F79EFBC}") = "SampleXML", "SampleXML\SampleXML.csproj", "{6BFF5A7E-B516-4C1D-8514-22425FDD833A}"
EndProject
Project("{FAE04EC0-301F-11D3-BF4B-00C04F79EFBC}") = "WordAssistant", "WordAssistant\WordAssistant.csproj", "{672CBF8D-3FB9-45FB-97DF-AD208865ABC5}"
EndProject
Project("{FAE04EC0-301F-11D3-BF4B-00C04F79EFBC}") = "BlogDownload", "BlogDownload\BlogDownload.csproj", "{FA657D00-49D1-4F30-8147-200A992ED814}"
EndProject
Project("{FAE04EC0-301F-11D3-BF4B-00C04F79EFBC}") = "GenericServiceApp", "GenericService\GenericServiceApp.csproj", "{415A07E1-D732-4221-BDDC-F38343A4E7A8}"
EndProject
Project("{9A19103F-16F7-4668-BE54-9A1E7A4F7556}") = "Transfusion", "Transfusion\Transfusion.csproj", "{DA85E60E-C096-4094-889C-69D5AE93107E}"
EndProject
Project("{FAE04EC0-301F-11D3-BF4B-00C04F79EFBC}") = "SampleSoap", "SampleSoap\SampleSoap.csproj", "{71A1AD22-F5C8-4374-94E8-629A122651AA}"
EndProject
Project("{FAE04EC0-301F-11D3-BF4B-00C04F79EFBC}") = "TestApp", "TestApp\TestApp.csproj", "{6F209370-A9CA-44C2-88D0-3D832336FCFE}"
EndProject
Project("{FAE04EC0-301F-11D3-BF4B-00C04F79EFBC}") = "TransfusionNet", "TransfusionNet\TransfusionNet.csproj", "{292FAF05-5255-417F-AAA4-5C431413EFFE}"
EndProject
Global
	GlobalSection(SolutionConfigurationPlatforms) = preSolution
		Debug|Any CPU = Debug|Any CPU
		Release|Any CPU = Release|Any CPU
	EndGlobalSection
	GlobalSection(ProjectConfigurationPlatforms) = postSolution
		{B3651CBE-E775-4E25-A132-AC4580CF8635}.Debug|Any CPU.ActiveCfg = Debug|Any CPU
		{B3651CBE-E775-4E25-A132-AC4580CF8635}.Debug|Any CPU.Build.0 = Debug|Any CPU
		{B3651CBE-E775-4E25-A132-AC4580CF8635}.Release|Any CPU.ActiveCfg = Release|Any CPU
		{B3651CBE-E775-4E25-A132-AC4580CF8635}.Release|Any CPU.Build.0 = Release|Any CPU
		{6BFF5A7E-B516-4C1D-8514-22425FDD833A}.Debug|Any CPU.ActiveCfg = Debug|Any CPU
		{6BFF5A7E-B516-4C1D-8514-22425FDD833A}.Debug|Any CPU.Build.0 = Debug|Any CPU
		{6BFF5A7E-B516-4C1D-8514-22425FDD833A}.Release|Any CPU.ActiveCfg = Release|Any CPU
		{6BFF5A7E-B516-4C1D-8514-22425FDD833A}.Release|Any CPU.Build.0 = Release|Any CPU
		{672CBF8D-3FB9-45FB-97DF-AD208865ABC5}.Debug|Any CPU.ActiveCfg = Debug|Any CPU
		{672CBF8D-3FB9-45FB-97DF-AD208865ABC5}.Debug|Any CPU.Build.0 = Debug|Any CPU
		{672CBF8D-3FB9-45FB-97DF-AD208865ABC5}.Release|Any CPU.ActiveCfg = Release|Any CPU
		{672CBF8D-3FB9-45FB-97DF-AD208865ABC5}.Release|Any CPU.Build.0 = Release|Any CPU
		{FA657D00-49D1-4F30-8147-200A992ED814}.Debug|Any CPU.ActiveCfg = Debug|Any CPU
		{FA657D00-49D1-4F30-8147-200A992ED814}.Debug|Any CPU.Build.0 = Debug|Any CPU
		{FA657D00-49D1-4F30-8147-200A992ED814}.Release|Any CPU.ActiveCfg = Release|Any CPU
		{FA657D00-49D1-4F30-8147-200A992ED814}.Release|Any CPU.Build.0 = Release|Any CPU
		{415A07E1-D732-4221-BDDC-F38343A4E7A8}.Debug|Any CPU.ActiveCfg = Debug|Any CPU
		{415A07E1-D732-4221-BDDC-F38343A4E7A8}.Debug|Any CPU.Build.0 = Debug|Any CPU
		{415A07E1-D732-4221-BDDC-F38343A4E7A8}.Release|Any CPU.ActiveCfg = Release|Any CPU
		{415A07E1-D732-4221-BDDC-F38343A4E7A8}.Release|Any CPU.Build.0 = Release|Any CPU
		{DA85E60E-C096-4094-889C-69D5AE93107E}.Debug|Any CPU.ActiveCfg = Debug|Any CPU
		{DA85E60E-C096-4094-889C-69D5AE93107E}.Debug|Any CPU.Build.0 = Debug|Any CPU
		{DA85E60E-C096-4094-889C-69D5AE93107E}.Release|Any CPU.ActiveCfg = Release|Any CPU
		{DA85E60E-C096-4094-889C-69D5AE93107E}.Release|Any CPU.Build.0 = Release|Any CPU
		{71A1AD22-F5C8-4374-94E8-629A122651AA}.Debug|Any CPU.ActiveCfg = Debug|Any CPU
		{71A1AD22-F5C8-4374-94E8-629A122651AA}.Debug|Any CPU.Build.0 = Debug|Any CPU
		{71A1AD22-F5C8-4374-94E8-629A122651AA}.Release|Any CPU.ActiveCfg = Release|Any CPU
		{71A1AD22-F5C8-4374-94E8-629A122651AA}.Release|Any CPU.Build.0 = Release|Any CPU
		{6F209370-A9CA-44C2-88D0-3D832336FCFE}.Debug|Any CPU.ActiveCfg = Debug|Any CPU
		{6F209370-A9CA-44C2-88D0-3D832336FCFE}.Debug|Any CPU.Build.0 = Debug|Any CPU
		{6F209370-A9CA-44C2-88D0-3D832336FCFE}.Release|Any CPU.ActiveCfg = Release|Any CPU
		{6F209370-A9CA-44C2-88D0-3D832336FCFE}.Release|Any CPU.Build.0 = Release|Any CPU
		{292FAF05-5255-417F-AAA4-5C431413EFFE}.Debug|Any CPU.ActiveCfg = Debug|Any CPU
		{292FAF05-5255-417F-AAA4-5C431413EFFE}.Debug|Any CPU.Build.0 = Debug|Any CPU
		{292FAF05-5255-417F-AAA4-5C431413EFFE}.Release|Any CPU.ActiveCfg = Release|Any CPU
		{292FAF05-5255-417F-AAA4-5C431413EFFE}.Release|Any CPU.Build.0 = Release|Any CPU
	EndGlobalSection
	GlobalSection(SolutionProperties) = preSolution
		HideSolutionNode = FALSE
	EndGlobalSection
	GlobalSection(ExtensibilityGlobals) = postSolution
		SolutionGuid = {2312C897-34E3-4D19-90D0-F20E8C23D14D}
	EndGlobalSection
EndGlobal
