
Microsoft Visual Studio Solution File, Format Version 12.00
# Visual Studio Version 16
VisualStudioVersion = 16.0.29519.87
MinimumVisualStudioVersion = 10.0.40219.1
Project("{FAE04EC0-301F-11D3-BF4B-00C04F79EFBC}") = "MarsChallenge", "MarsChallenge\MarsChallenge.csproj", "{B3651CBE-E775-4E25-A132-AC4580CF8635}"
EndProject
Project("{FAE04EC0-301F-11D3-BF4B-00C04F79EFBC}") = "SampleXML", "SampleXML\SampleXML.csproj", "{6BFF5A7E-B516-4C1D-8514-22425FDD833A}"
EndProject
Project("{FAE04EC0-301F-11D3-BF4B-00C04F79EFBC}") = "WordAssistant", "WordAssistant\WordAssistant.csproj", "{672CBF8D-3FB9-45FB-97DF-AD208865ABC5}"
EndProject
Project("{FAE04EC0-301F-11D3-BF4B-00C04F79EFBC}") = "BlogDownload", "BlogDownload\BlogDownload.csproj", "{FA657D00-49D1-4F30-8147-200A992ED814}"
EndProject
Global
	GlobalSection(SolutionConfigurationPlatforms) = preSolution
		Debug|Any CPU = Debug|Any CPU
		Release|Any CPU = Release|Any CPU
	EndGlobalSection
	GlobalSection(ProjectConfigurationPlatforms) = postSolution
		{B3651CBE-E775-4E25-A132-AC4580CF8635}.Debug|Any CPU.ActiveCfg = Debug|Any CPU
		{B3651CBE-E775-4E25-A132-AC4580CF8635}.Debug|Any CPU.Build.0 = Debug|Any CPU
		{B3651CBE-E775-4E25-A132-AC4580CF8635}.Release|Any CPU.ActiveCfg = Release|Any CPU
		{B3651CBE-E775-4E25-A132-AC4580CF8635}.Release|Any CPU.Build.0 = Release|Any CPU
		{6BFF5A7E-B516-4C1D-8514-22425FDD833A}.Debug|Any CPU.ActiveCfg = Debug|Any CPU
		{6BFF5A7E-B516-4C1D-8514-22425FDD833A}.Debug|Any CPU.Build.0 = Debug|Any CPU
		{6BFF5A7E-B516-4C1D-8514-22425FDD833A}.Release|Any CPU.ActiveCfg = Release|Any CPU
		{6BFF5A7E-B516-4C1D-8514-22425FDD833A}.Release|Any CPU.Build.0 = Release|Any CPU
		{672CBF8D-3FB9-45FB-97DF-AD208865ABC5}.Debug|Any CPU.ActiveCfg = Debug|Any CPU
		{672CBF8D-3FB9-45FB-97DF-AD208865ABC5}.Debug|Any CPU.Build.0 = Debug|Any CPU
		{672CBF8D-3FB9-45FB-97DF-AD208865ABC5}.Release|Any CPU.ActiveCfg = Release|Any CPU
		{672CBF8D-3FB9-45FB-97DF-AD208865ABC5}.Release|Any CPU.Build.0 = Release|Any CPU
		{FA657D00-49D1-4F30-8147-200A992ED814}.Debug|Any CPU.ActiveCfg = Debug|Any CPU
		{FA657D00-49D1-4F30-8147-200A992ED814}.Debug|Any CPU.Build.0 = Debug|Any CPU
		{FA657D00-49D1-4F30-8147-200A992ED814}.Release|Any CPU.ActiveCfg = Release|Any CPU
		{FA657D00-49D1-4F30-8147-200A992ED814}.Release|Any CPU.Build.0 = Release|Any CPU
	EndGlobalSection
	GlobalSection(SolutionProperties) = preSolution
		HideSolutionNode = FALSE
	EndGlobalSection
	GlobalSection(ExtensibilityGlobals) = postSolution
		SolutionGuid = {2312C897-34E3-4D19-90D0-F20E8C23D14D}
	EndGlobalSection
EndGlobal
